
Microsoft Visual Studio Solution File, Format Version 12.00
# Visual Studio 15
VisualStudioVersion = 15.0.28307.489
MinimumVisualStudioVersion = 10.0.40219.1
Project("{FAE04EC0-301F-11D3-BF4B-00C04F79EFBC}") = "SQLListener", "SQLListener.csproj", "{8F31BFE6-B9AF-4D6D-AE20-C9BD40CF5D9A}"
EndProject
Global
	GlobalSection(SolutionConfigurationPlatforms) = preSolution
		Debug|Any CPU = Debug|Any CPU
		Release|Any CPU = Release|Any CPU
	EndGlobalSection
	GlobalSection(ProjectConfigurationPlatforms) = postSolution
		{8F31BFE6-B9AF-4D6D-AE20-C9BD40CF5D9A}.Debug|Any CPU.ActiveCfg = Debug|Any CPU
		{8F31BFE6-B9AF-4D6D-AE20-C9BD40CF5D9A}.Debug|Any CPU.Build.0 = Debug|Any CPU
		{8F31BFE6-B9AF-4D6D-AE20-C9BD40CF5D9A}.Release|Any CPU.ActiveCfg = Release|Any CPU
		{8F31BFE6-B9AF-4D6D-AE20-C9BD40CF5D9A}.Release|Any CPU.Build.0 = Release|Any CPU
	EndGlobalSection
	GlobalSection(SolutionProperties) = preSolution
		HideSolutionNode = FALSE
	EndGlobalSection
	GlobalSection(ExtensibilityGlobals) = postSolution
		SolutionGuid = {44206372-16BE-409F-AA57-2ED1E420CBD5}
	EndGlobalSection
EndGlobal
